# This file is automatically @generated by Poetry 1.8.3 and should not be changed by hand.

[[package]]
name = "fake-bpy-module-latest"
version = "20241011"
description = "Collection of the fake Blender Python API module for the code completion."
optional = false
python-versions = ">=3.12"
files = [
    {file = "fake_bpy_module_latest-20241011-py3-none-any.whl", hash = "sha256:fa58bf4a3299d9c2125f5e110167d7151c0bfb6360f50eb7dd0beec39c541b7e"},
    {file = "fake_bpy_module_latest-20241011.tar.gz", hash = "sha256:385357af339990c9c69a552fd01773effa397fea89aed2c3f583e97812922f78"},
]

[metadata]
lock-version = "2.0"
python-versions = "^3.12"
content-hash = "67fe9ea79cb30ce5fd92a7747b0a96c75573302b3f16516b53c961616473ecbc"
